
Microsoft Visual Studio Solution File, Format Version 12.00
# Visual Studio Version 17
VisualStudioVersion = 17.9.34902.65
MinimumVisualStudioVersion = 10.0.40219.1
Project("{9A19103F-16F7-4668-BE54-9A1E7A4F7556}") = "HoltsmarkDistributionFP64", "HoltsmarkDistributionFP64\HoltsmarkDistributionFP64.csproj", "{779AFDAF-D840-4312-8E14-38F99C6D79A0}"
EndProject
Project("{FAE04EC0-301F-11D3-BF4B-00C04F79EFBC}") = "HoltsmarkDistributionFP64Tests", "HoltsmarkDistributionFP64Tests\HoltsmarkDistributionFP64Tests.csproj", "{31B346D8-0C93-4F67-BD3C-A3D5453906B7}"
	ProjectSection(ProjectDependencies) = postProject
		{779AFDAF-D840-4312-8E14-38F99C6D79A0} = {779AFDAF-D840-4312-8E14-38F99C6D79A0}
	EndProjectSection
EndProject
Project("{888888A0-9F3D-457C-B088-3A5042F75D52}") = "HoltsmarkDistributionFP64ErrorVis", "HoltsmarkDistributionFP64ErrorVis\HoltsmarkDistributionFP64ErrorVis.pyproj", "{706E3B32-B70A-4A14-9B26-DC8D696F1DBA}"
EndProject
Global
	GlobalSection(SolutionConfigurationPlatforms) = preSolution
		Debug|Any CPU = Debug|Any CPU
		Release|Any CPU = Release|Any CPU
	EndGlobalSection
	GlobalSection(ProjectConfigurationPlatforms) = postSolution
		{779AFDAF-D840-4312-8E14-38F99C6D79A0}.Debug|Any CPU.ActiveCfg = Debug|Any CPU
		{779AFDAF-D840-4312-8E14-38F99C6D79A0}.Debug|Any CPU.Build.0 = Debug|Any CPU
		{779AFDAF-D840-4312-8E14-38F99C6D79A0}.Release|Any CPU.ActiveCfg = Release|Any CPU
		{779AFDAF-D840-4312-8E14-38F99C6D79A0}.Release|Any CPU.Build.0 = Release|Any CPU
		{31B346D8-0C93-4F67-BD3C-A3D5453906B7}.Debug|Any CPU.ActiveCfg = Debug|Any CPU
		{31B346D8-0C93-4F67-BD3C-A3D5453906B7}.Debug|Any CPU.Build.0 = Debug|Any CPU
		{31B346D8-0C93-4F67-BD3C-A3D5453906B7}.Release|Any CPU.ActiveCfg = Release|Any CPU
		{31B346D8-0C93-4F67-BD3C-A3D5453906B7}.Release|Any CPU.Build.0 = Release|Any CPU
		{706E3B32-B70A-4A14-9B26-DC8D696F1DBA}.Debug|Any CPU.ActiveCfg = Debug|Any CPU
		{706E3B32-B70A-4A14-9B26-DC8D696F1DBA}.Release|Any CPU.ActiveCfg = Release|Any CPU
	EndGlobalSection
	GlobalSection(SolutionProperties) = preSolution
		HideSolutionNode = FALSE
	EndGlobalSection
	GlobalSection(ExtensibilityGlobals) = postSolution
		SolutionGuid = {4515B9EB-0868-42AE-8D66-343BDD6FC243}
	EndGlobalSection
EndGlobal
